{
  "name": "pixi-webpack-demo",
  "version": "1.0.0",
  "lockfileVersion": 1,
  "requires": true,
  "dependencies": {
    "@pixi/accessibility": {
      "version": "5.2.1",
      "resolved": "https://registry.npm.taobao.org/@pixi/accessibility/download/@pixi/accessibility-5.2.1.tgz",
      "integrity": "sha1-Ijn4FOfH1OX4umvSdbH6mmuiV+8=",
      "requires": {
        "@pixi/core": "5.2.1",
        "@pixi/display": "5.2.1",
        "@pixi/utils": "5.2.1"
      }
    },
    "@pixi/app": {
      "version": "5.2.1",
      "resolved": "https://registry.npm.taobao.org/@pixi/app/download/@pixi/app-5.2.1.tgz",
      "integrity": "sha1-cH3/rIf/MbqJGyJ4rD4dkUE9Vgg=",
      "requires": {
        "@pixi/core": "5.2.1",
        "@pixi/display": "5.2.1"
      }
    },
    "@pixi/constants": {
      "version": "5.2.1",
      "resolved": "https://registry.npm.taobao.org/@pixi/constants/download/@pixi/constants-5.2.1.tgz",
      "integrity": "sha1-X6a7oKRWpaagniD8o3hUWogijr8="
    },
    "@pixi/core": {
      "version": "5.2.1",
      "resolved": "https://registry.npm.taobao.org/@pixi/core/download/@pixi/core-5.2.1.tgz",
      "integrity": "sha1-ye0oIWCNXvgf0BViBD1emGbODYk=",
      "requires": {
        "@pixi/constants": "5.2.1",
        "@pixi/display": "5.2.1",
        "@pixi/math": "5.2.1",
        "@pixi/runner": "5.2.1",
        "@pixi/settings": "5.2.1",
        "@pixi/ticker": "5.2.1",
        "@pixi/utils": "5.2.1"
      }
    },
    "@pixi/display": {
      "version": "5.2.1",
      "resolved": "https://registry.npm.taobao.org/@pixi/display/download/@pixi/display-5.2.1.tgz",
      "integrity": "sha1-MIVSNla0Wun3buTdTMsdB1rnbx0=",
      "requires": {
        "@pixi/math": "5.2.1",
        "@pixi/settings": "5.2.1",
        "@pixi/utils": "5.2.1"
      }
    },
    "@pixi/extract": {
      "version": "5.2.1",
      "resolved": "https://registry.npm.taobao.org/@pixi/extract/download/@pixi/extract-5.2.1.tgz",
      "integrity": "sha1-DXt333OAtF46f2Brg4YDUVu3oIw=",
      "requires": {
        "@pixi/core": "5.2.1",
        "@pixi/math": "5.2.1",
        "@pixi/utils": "5.2.1"
      }
    },
    "@pixi/filter-alpha": {
      "version": "5.2.1",
      "resolved": "https://registry.npm.taobao.org/@pixi/filter-alpha/download/@pixi/filter-alpha-5.2.1.tgz",
      "integrity": "sha1-t6QD2e99xh3hlgiIzeWh1ZrJm6s=",
      "requires": {
        "@pixi/core": "5.2.1"
      }
    },
    "@pixi/filter-blur": {
      "version": "5.2.1",
      "resolved": "https://registry.npm.taobao.org/@pixi/filter-blur/download/@pixi/filter-blur-5.2.1.tgz",
      "integrity": "sha1-PzdaZPEtpDTwUTNVRSLtfMBblBY=",
      "requires": {
        "@pixi/core": "5.2.1",
        "@pixi/settings": "5.2.1"
      }
    },
    "@pixi/filter-color-matrix": {
      "version": "5.2.1",
      "resolved": "https://registry.npm.taobao.org/@pixi/filter-color-matrix/download/@pixi/filter-color-matrix-5.2.1.tgz",
      "integrity": "sha1-1GfPQF97m06tec7kc1kH+CbtESM=",
      "requires": {
        "@pixi/core": "5.2.1"
      }
    },
    "@pixi/filter-displacement": {
      "version": "5.2.1",
      "resolved": "https://registry.npm.taobao.org/@pixi/filter-displacement/download/@pixi/filter-displacement-5.2.1.tgz",
      "integrity": "sha1-UtbEg2WtRqGEFjIXZWej34m+Y0Y=",
      "requires": {
        "@pixi/core": "5.2.1",
        "@pixi/math": "5.2.1"
      }
    },
    "@pixi/filter-fxaa": {
      "version": "5.2.1",
      "resolved": "https://registry.npm.taobao.org/@pixi/filter-fxaa/download/@pixi/filter-fxaa-5.2.1.tgz",
      "integrity": "sha1-TiRSlq/gFMC3Wriv1v2W1/31nJk=",
      "requires": {
        "@pixi/core": "5.2.1"
      }
    },
    "@pixi/filter-noise": {
      "version": "5.2.1",
      "resolved": "https://registry.npm.taobao.org/@pixi/filter-noise/download/@pixi/filter-noise-5.2.1.tgz",
      "integrity": "sha1-0GWEWzWPvCvoCYhSXSEgvDsG6FA=",
      "requires": {
        "@pixi/core": "5.2.1"
      }
    },
    "@pixi/graphics": {
      "version": "5.2.1",
      "resolved": "https://registry.npm.taobao.org/@pixi/graphics/download/@pixi/graphics-5.2.1.tgz",
      "integrity": "sha1-YwGkwpRpxfAZK9RIIM/9Lvl31QQ=",
      "requires": {
        "@pixi/constants": "5.2.1",
        "@pixi/core": "5.2.1",
        "@pixi/display": "5.2.1",
        "@pixi/math": "5.2.1",
        "@pixi/sprite": "5.2.1",
        "@pixi/utils": "5.2.1"
      }
    },
    "@pixi/interaction": {
      "version": "5.2.1",
      "resolved": "https://registry.npm.taobao.org/@pixi/interaction/download/@pixi/interaction-5.2.1.tgz",
      "integrity": "sha1-TdWEJpLrci/QCfKXevlLk8wnhKc=",
      "requires": {
        "@pixi/core": "5.2.1",
        "@pixi/display": "5.2.1",
        "@pixi/math": "5.2.1",
        "@pixi/ticker": "5.2.1",
        "@pixi/utils": "5.2.1"
      }
    },
    "@pixi/loaders": {
      "version": "5.2.1",
      "resolved": "https://registry.npm.taobao.org/@pixi/loaders/download/@pixi/loaders-5.2.1.tgz",
      "integrity": "sha1-FtYtQ+ZX5SfhIorNET4Nevtmxa8=",
      "requires": {
        "@pixi/core": "5.2.1",
        "@pixi/utils": "5.2.1",
        "resource-loader": "^3.0.1"
      }
    },
    "@pixi/math": {
      "version": "5.2.1",
      "resolved": "https://registry.npm.taobao.org/@pixi/math/download/@pixi/math-5.2.1.tgz",
      "integrity": "sha1-1APKkR+9wQUGDy+fKoq0INY6jIM="
    },
    "@pixi/mesh": {
      "version": "5.2.1",
      "resolved": "https://registry.npm.taobao.org/@pixi/mesh/download/@pixi/mesh-5.2.1.tgz",
      "integrity": "sha1-NhJREb4uFYdFRQm9amv7VTTEX6Y=",
      "requires": {
        "@pixi/constants": "5.2.1",
        "@pixi/core": "5.2.1",
        "@pixi/display": "5.2.1",
        "@pixi/math": "5.2.1",
        "@pixi/settings": "5.2.1",
        "@pixi/utils": "5.2.1"
      }
    },
    "@pixi/mesh-extras": {
      "version": "5.2.1",
      "resolved": "https://registry.npm.taobao.org/@pixi/mesh-extras/download/@pixi/mesh-extras-5.2.1.tgz",
      "integrity": "sha1-SXLsi7U+qloWvYiV97FVv5R84SQ=",
      "requires": {
        "@pixi/constants": "5.2.1",
        "@pixi/core": "5.2.1",
        "@pixi/math": "5.2.1",
        "@pixi/mesh": "5.2.1",
        "@pixi/utils": "5.2.1"
      }
    },
    "@pixi/mixin-cache-as-bitmap": {
      "version": "5.2.1",
      "resolved": "https://registry.npm.taobao.org/@pixi/mixin-cache-as-bitmap/download/@pixi/mixin-cache-as-bitmap-5.2.1.tgz",
      "integrity": "sha1-tU/YeXok43AbV938nRWw1EBjkac=",
      "requires": {
        "@pixi/core": "5.2.1",
        "@pixi/display": "5.2.1",
        "@pixi/math": "5.2.1",
        "@pixi/settings": "5.2.1",
        "@pixi/sprite": "5.2.1",
        "@pixi/utils": "5.2.1"
      }
    },
    "@pixi/mixin-get-child-by-name": {
      "version": "5.2.1",
      "resolved": "https://registry.npm.taobao.org/@pixi/mixin-get-child-by-name/download/@pixi/mixin-get-child-by-name-5.2.1.tgz",
      "integrity": "sha1-ai+t1H1+3d7BCukaLhMHi/DW3dA=",
      "requires": {
        "@pixi/display": "5.2.1"
      }
    },
    "@pixi/mixin-get-global-position": {
      "version": "5.2.1",
      "resolved": "https://registry.npm.taobao.org/@pixi/mixin-get-global-position/download/@pixi/mixin-get-global-position-5.2.1.tgz",
      "integrity": "sha1-matbVIVoKgeoIIZowKM5+nLz3XQ=",
      "requires": {
        "@pixi/display": "5.2.1",
        "@pixi/math": "5.2.1"
      }
    },
    "@pixi/particles": {
      "version": "5.2.1",
      "resolved": "https://registry.npm.taobao.org/@pixi/particles/download/@pixi/particles-5.2.1.tgz",
      "integrity": "sha1-msHb/90zW3Tk4ysQTjRhgmRcYiU=",
      "requires": {
        "@pixi/constants": "5.2.1",
        "@pixi/core": "5.2.1",
        "@pixi/display": "5.2.1",
        "@pixi/math": "5.2.1",
        "@pixi/utils": "5.2.1"
      }
    },
    "@pixi/polyfill": {
      "version": "5.2.1",
      "resolved": "https://registry.npm.taobao.org/@pixi/polyfill/download/@pixi/polyfill-5.2.1.tgz",
      "integrity": "sha1-H5nHYfgRv11v7tg+fNzUaG0gHCg=",
      "requires": {
        "es6-promise-polyfill": "^1.2.0",
        "object-assign": "^4.1.1"
      }
    },
    "@pixi/prepare": {
      "version": "5.2.1",
      "resolved": "https://registry.npm.taobao.org/@pixi/prepare/download/@pixi/prepare-5.2.1.tgz",
      "integrity": "sha1-71xOIR4LwM+FN7WcjDtxIME45jQ=",
      "requires": {
        "@pixi/core": "5.2.1",
        "@pixi/display": "5.2.1",
        "@pixi/graphics": "5.2.1",
        "@pixi/settings": "5.2.1",
        "@pixi/text": "5.2.1",
        "@pixi/ticker": "5.2.1"
      }
    },
    "@pixi/runner": {
      "version": "5.2.1",
      "resolved": "https://registry.npm.taobao.org/@pixi/runner/download/@pixi/runner-5.2.1.tgz",
      "integrity": "sha1-n2Ct+UCYdmIBkctydkITu5wUrdg="
    },
    "@pixi/settings": {
      "version": "5.2.1",
      "resolved": "https://registry.npm.taobao.org/@pixi/settings/download/@pixi/settings-5.2.1.tgz",
      "integrity": "sha1-FDGiC6LoEAxx66m6H7fcPUNdND4=",
      "requires": {
        "ismobilejs": "^1.0.3"
      }
    },
    "@pixi/sprite": {
      "version": "5.2.1",
      "resolved": "https://registry.npm.taobao.org/@pixi/sprite/download/@pixi/sprite-5.2.1.tgz",
      "integrity": "sha1-tbw84lfyhe3FoVwEHhYQNNAOR0g=",
      "requires": {
        "@pixi/constants": "5.2.1",
        "@pixi/core": "5.2.1",
        "@pixi/display": "5.2.1",
        "@pixi/math": "5.2.1",
        "@pixi/settings": "5.2.1",
        "@pixi/utils": "5.2.1"
      }
    },
    "@pixi/sprite-animated": {
      "version": "5.2.1",
      "resolved": "https://registry.npm.taobao.org/@pixi/sprite-animated/download/@pixi/sprite-animated-5.2.1.tgz",
      "integrity": "sha1-6jN5x9ArvDYumSLE4vWDs084mok=",
      "requires": {
        "@pixi/core": "5.2.1",
        "@pixi/sprite": "5.2.1",
        "@pixi/ticker": "5.2.1"
      }
    },
    "@pixi/sprite-tiling": {
      "version": "5.2.1",
      "resolved": "https://registry.npm.taobao.org/@pixi/sprite-tiling/download/@pixi/sprite-tiling-5.2.1.tgz",
      "integrity": "sha1-IJvaZxO/AM+46t6493nGuHLx+hA=",
      "requires": {
        "@pixi/constants": "5.2.1",
        "@pixi/core": "5.2.1",
        "@pixi/display": "5.2.1",
        "@pixi/math": "5.2.1",
        "@pixi/sprite": "5.2.1",
        "@pixi/utils": "5.2.1"
      }
    },
    "@pixi/spritesheet": {
      "version": "5.2.1",
      "resolved": "https://registry.npm.taobao.org/@pixi/spritesheet/download/@pixi/spritesheet-5.2.1.tgz",
      "integrity": "sha1-gFNPmHXOb1u10wELU/lH78aiImQ=",
      "requires": {
        "@pixi/core": "5.2.1",
        "@pixi/loaders": "5.2.1",
        "@pixi/math": "5.2.1",
        "@pixi/utils": "5.2.1"
      }
    },
    "@pixi/text": {
      "version": "5.2.1",
      "resolved": "https://registry.npm.taobao.org/@pixi/text/download/@pixi/text-5.2.1.tgz",
      "integrity": "sha1-21rkdCW56Ojzk6ktUMTHQJkdKGM=",
      "requires": {
        "@pixi/core": "5.2.1",
        "@pixi/math": "5.2.1",
        "@pixi/settings": "5.2.1",
        "@pixi/sprite": "5.2.1",
        "@pixi/utils": "5.2.1"
      }
    },
    "@pixi/text-bitmap": {
      "version": "5.2.1",
      "resolved": "https://registry.npm.taobao.org/@pixi/text-bitmap/download/@pixi/text-bitmap-5.2.1.tgz",
      "integrity": "sha1-4DPl8C0CHmX00WkYYExprDqt4ro=",
      "requires": {
        "@pixi/core": "5.2.1",
        "@pixi/display": "5.2.1",
        "@pixi/loaders": "5.2.1",
        "@pixi/math": "5.2.1",
        "@pixi/settings": "5.2.1",
        "@pixi/sprite": "5.2.1",
        "@pixi/utils": "5.2.1"
      }
    },
    "@pixi/ticker": {
      "version": "5.2.1",
      "resolved": "https://registry.npm.taobao.org/@pixi/ticker/download/@pixi/ticker-5.2.1.tgz",
      "integrity": "sha1-WAjOHcvHX/tf/5xpJa+rCU5fOAs=",
      "requires": {
        "@pixi/settings": "5.2.1"
      }
    },
    "@pixi/utils": {
      "version": "5.2.1",
      "resolved": "https://registry.npm.taobao.org/@pixi/utils/download/@pixi/utils-5.2.1.tgz",
      "integrity": "sha1-0kRal2sxWliGCn8Z11QUOvNlnwk=",
      "requires": {
        "@pixi/constants": "5.2.1",
        "@pixi/settings": "5.2.1",
        "earcut": "^2.1.5",
        "eventemitter3": "^3.1.0",
        "url": "^0.11.0"
      }
    },
    "earcut": {
      "version": "2.2.2",
      "resolved": "https://registry.npm.taobao.org/earcut/download/earcut-2.2.2.tgz",
      "integrity": "sha1-QbC8NfY+D+gNp83f8oUR5+LoDRE="
    },
    "es6-promise-polyfill": {
      "version": "1.2.0",
      "resolved": "https://registry.npm.taobao.org/es6-promise-polyfill/download/es6-promise-polyfill-1.2.0.tgz",
      "integrity": "sha1-84kl8jyz4+jObNqP93T867sJDN4="
    },
    "eventemitter3": {
      "version": "3.1.2",
      "resolved": "https://registry.npm.taobao.org/eventemitter3/download/eventemitter3-3.1.2.tgz",
      "integrity": "sha1-LT1I+cNGaY/Og6hdfWZOmFNd9uc="
    },
    "ismobilejs": {
      "version": "1.0.3",
      "resolved": "https://registry.npm.taobao.org/ismobilejs/download/ismobilejs-1.0.3.tgz",
      "integrity": "sha1-aew/rM0X3+6t1HHnCVXR4ZKkbrY="
    },
    "mini-signals": {
      "version": "1.2.0",
      "resolved": "https://registry.npm.taobao.org/mini-signals/download/mini-signals-1.2.0.tgz",
      "integrity": "sha1-RbCAE8X65RokqhqTXNMXye1yHXQ="
    },
    "object-assign": {
      "version": "4.1.1",
      "resolved": "https://registry.npm.taobao.org/object-assign/download/object-assign-4.1.1.tgz",
      "integrity": "sha1-IQmtx5ZYh8/AXLvUQsrIv7s2CGM="
    },
    "parse-uri": {
      "version": "1.0.0",
      "resolved": "https://registry.npm.taobao.org/parse-uri/download/parse-uri-1.0.0.tgz",
      "integrity": "sha1-KHLcwi8aeXrN4Vg9igrClVLdrCA="
    },
    "pixi.js": {
      "version": "5.2.1",
      "resolved": "https://registry.npm.taobao.org/pixi.js/download/pixi.js-5.2.1.tgz",
      "integrity": "sha1-UjyqpkqfjBXzgKzjBSC5kSBsStU=",
      "requires": {
        "@pixi/accessibility": "5.2.1",
        "@pixi/app": "5.2.1",
        "@pixi/constants": "5.2.1",
        "@pixi/core": "5.2.1",
        "@pixi/display": "5.2.1",
        "@pixi/extract": "5.2.1",
        "@pixi/filter-alpha": "5.2.1",
        "@pixi/filter-blur": "5.2.1",
        "@pixi/filter-color-matrix": "5.2.1",
        "@pixi/filter-displacement": "5.2.1",
        "@pixi/filter-fxaa": "5.2.1",
        "@pixi/filter-noise": "5.2.1",
        "@pixi/graphics": "5.2.1",
        "@pixi/interaction": "5.2.1",
        "@pixi/loaders": "5.2.1",
        "@pixi/math": "5.2.1",
        "@pixi/mesh": "5.2.1",
        "@pixi/mesh-extras": "5.2.1",
        "@pixi/mixin-cache-as-bitmap": "5.2.1",
        "@pixi/mixin-get-child-by-name": "5.2.1",
        "@pixi/mixin-get-global-position": "5.2.1",
        "@pixi/particles": "5.2.1",
        "@pixi/polyfill": "5.2.1",
        "@pixi/prepare": "5.2.1",
        "@pixi/runner": "5.2.1",
        "@pixi/settings": "5.2.1",
        "@pixi/sprite": "5.2.1",
        "@pixi/sprite-animated": "5.2.1",
        "@pixi/sprite-tiling": "5.2.1",
        "@pixi/spritesheet": "5.2.1",
        "@pixi/text": "5.2.1",
        "@pixi/text-bitmap": "5.2.1",
        "@pixi/ticker": "5.2.1",
        "@pixi/utils": "5.2.1"
      }
    },
    "punycode": {
      "version": "1.3.2",
      "resolved": "https://registry.npm.taobao.org/punycode/download/punycode-1.3.2.tgz",
      "integrity": "sha1-llOgNvt8HuQjQvIyXM7v6jkmxI0="
    },
    "querystring": {
      "version": "0.2.0",
      "resolved": "https://registry.npm.taobao.org/querystring/download/querystring-0.2.0.tgz",
      "integrity": "sha1-sgmEkgO7Jd+CDadW50cAWHhSFiA="
    },
    "resource-loader": {
      "version": "3.0.1",
      "resolved": "https://registry.npm.taobao.org/resource-loader/download/resource-loader-3.0.1.tgz",
      "integrity": "sha1-MzVbtUIeKZT1lFS7x/bb/43wbUc=",
      "requires": {
        "mini-signals": "^1.2.0",
        "parse-uri": "^1.0.0"
      }
    },
    "url": {
      "version": "0.11.0",
      "resolved": "https://registry.npm.taobao.org/url/download/url-0.11.0.tgz",
      "integrity": "sha1-ODjpfPxgUh63PFJajlW/3Z4uKPE=",
      "requires": {
        "punycode": "1.3.2",
        "querystring": "0.2.0"
      }
    }
  }
}
